
Microsoft Visual Studio Solution File, Format Version 12.00
# Visual Studio Version 17
VisualStudioVersion = 17.4.33110.190
MinimumVisualStudioVersion = 10.0.40219.1
Project("{9A19103F-16F7-4668-BE54-9A1E7A4F7556}") = "jadedbrowser", "jadedbrowser.csproj", "{BB8B04E9-3BFD-480C-AC33-BFD7E76F896A}"
EndProject
Project("{54435603-DBB4-11D2-8724-00A0C9A8B90C}") = "Setup Jaded Browser", "Setup Jaded Browser\Setup Jaded Browser.vdproj", "{42A8E569-453E-4613-B9D3-0EA02A47FFA7}"
EndProject
Global
	GlobalSection(SolutionConfigurationPlatforms) = preSolution
		Debug|Any CPU = Debug|Any CPU
		Release|Any CPU = Release|Any CPU
	EndGlobalSection
	GlobalSection(ProjectConfigurationPlatforms) = postSolution
		{BB8B04E9-3BFD-480C-AC33-BFD7E76F896A}.Debug|Any CPU.ActiveCfg = Debug|Any CPU
		{BB8B04E9-3BFD-480C-AC33-BFD7E76F896A}.Debug|Any CPU.Build.0 = Debug|Any CPU
		{BB8B04E9-3BFD-480C-AC33-BFD7E76F896A}.Release|Any CPU.ActiveCfg = Release|Any CPU
		{BB8B04E9-3BFD-480C-AC33-BFD7E76F896A}.Release|Any CPU.Build.0 = Release|Any CPU
		{42A8E569-453E-4613-B9D3-0EA02A47FFA7}.Debug|Any CPU.ActiveCfg = Debug
		{42A8E569-453E-4613-B9D3-0EA02A47FFA7}.Release|Any CPU.ActiveCfg = Release
	EndGlobalSection
	GlobalSection(SolutionProperties) = preSolution
		HideSolutionNode = FALSE
	EndGlobalSection
	GlobalSection(ExtensibilityGlobals) = postSolution
		SolutionGuid = {35DA7457-029E-4E8C-A95A-C7464498091E}
	EndGlobalSection
EndGlobal
